# This file is generated by running "yarn install" inside your project.
# Manual changes might be lost - proceed with caution!

__metadata:
  version: 4
  cacheKey: 8

"@dabh/diagnostics@npm:^2.0.2":
  version: 2.0.2
  resolution: "@dabh/diagnostics@npm:2.0.2"
  dependencies:
    colorspace: 1.1.x
    enabled: 2.0.x
    kuler: ^2.0.0
  checksum: 4d95cc31249a840b6cc3dba3dc4345a9295265413456068a0d07b69fa0ec6a5a5bc2c39e56ec04c6509ac1f4d9c17fc80baaaddd5caa1abcdd3aaeffe2b63cec
  languageName: node
  linkType: hard

"@napi-rs/triples@npm:^1.0.2":
  version: 1.0.2
  resolution: "@napi-rs/triples@npm:1.0.2"
  checksum: 7de94a641d0a71b53367a323cd15411ed228cdd9bb6ad30a5491ddbd753e3ce8500786cd264e4f47e0e9b3512934d49821f34b349c4f10765db4571c1032cee7
  languageName: node
  linkType: hard

"@node-rs/helper@npm:^1.0.0":
  version: 1.2.0
  resolution: "@node-rs/helper@npm:1.2.0"
  dependencies:
    "@napi-rs/triples": ^1.0.2
    tslib: ^2.2.0
  checksum: aad7db4895005b92a013c1a13ac7e6a6d849700fc12d31870941e9dd98a767229264de05b95778ca913dbe2cf9e15710163eb557fb2648bca3c6a565c42fb14f
  languageName: node
  linkType: hard

"@skeldjs/client@npm:2.10.11":
  version: 2.10.11
  resolution: "@skeldjs/client@npm:2.10.11"
  dependencies:
    "@skeldjs/constant": 2.10.11
    "@skeldjs/core": 2.10.11
    "@skeldjs/data": 2.10.11
    "@skeldjs/events": 2.10.11
    "@skeldjs/protocol": 2.10.11
    "@skeldjs/state": 2.10.11
    "@skeldjs/util": 2.10.11
  checksum: c82b0891f0ee9aeb6a7510403e63d9cddcfe344fd1cd73d37e03c9441eeddbbdd78f27c5133b034d591303be41361398670f89b8c643df3256a8477aac00ccb4
  languageName: node
  linkType: hard

"@skeldjs/constant@npm:2.10.11, @skeldjs/constant@npm:^2.10.11":
  version: 2.10.11
  resolution: "@skeldjs/constant@npm:2.10.11"
  dependencies:
    "@skeldjs/util": 2.10.11
  checksum: 614fa376c817c103d25d35123a2528a63b21ea4c7f4413cebafd1d13481ecf55829bc11b89404375f1c9da8f350e8daf03c0c897d1313dbf6a316301f56b05f2
  languageName: node
  linkType: hard

"@skeldjs/core@npm:2.10.11":
  version: 2.10.11
  resolution: "@skeldjs/core@npm:2.10.11"
  dependencies:
    "@skeldjs/constant": 2.10.11
    "@skeldjs/data": 2.10.11
    "@skeldjs/events": 2.10.11
    "@skeldjs/protocol": 2.10.11
    "@skeldjs/util": 2.10.11
  checksum: 068126af4b56f82efea8d0baa2d046871676280bc8f6058b845189fb102a3c279ebca2b93be229358c9604d4f3281d007a1d21ae0c7a7420d704d1ffde909b52
  languageName: node
  linkType: hard

"@skeldjs/data@npm:2.10.11":
  version: 2.10.11
  resolution: "@skeldjs/data@npm:2.10.11"
  dependencies:
    "@skeldjs/constant": 2.10.11
    "@skeldjs/util": 2.10.11
  checksum: c595acd1aeb30d343d3c1087cdc1a63e9fef3bc3beee9d910b75d85096268bc593bc5f8a8a6e8cfc933d8bd4034d7359a6c5689022dbbb66764565fb51eff005
  languageName: node
  linkType: hard

"@skeldjs/events@npm:2.10.11, @skeldjs/events@npm:^2.10.11":
  version: 2.10.11
  resolution: "@skeldjs/events@npm:2.10.11"
  checksum: 5b940d893de1661f3fbcf7a792005775607137a185acd8dfcabd4f4485620d4e0550d108e22e5fa2772a18c6c44f8b3dc21687b21222e36cf3019c7c1a626224
  languageName: node
  linkType: hard

"@skeldjs/hindenburg@workspace:.":
  version: 0.0.0-use.local
  resolution: "@skeldjs/hindenburg@workspace:."
  dependencies:
    "@skeldjs/constant": ^2.10.11
    "@skeldjs/events": ^2.10.11
    "@skeldjs/protocol": ^2.10.11
    "@skeldjs/reactor": ^2.10.11
    "@skeldjs/util": ^2.10.11
    "@swc/core": ^1.2.60
    "@types/chalk": ^2.2.0
    "@types/node": ^15.12.2
    chalk: ^4.1.1
    ts-node: ^10.0.0
    typescript: ^4.3.2
    winston: ^3.3.3
  languageName: unknown
  linkType: soft

"@skeldjs/protocol@npm:2.10.11, @skeldjs/protocol@npm:^2.10.11":
  version: 2.10.11
  resolution: "@skeldjs/protocol@npm:2.10.11"
  dependencies:
    "@skeldjs/constant": 2.10.11
    "@skeldjs/util": 2.10.11
  checksum: 8b6aee4e0e33afa07040ba67dd38c58bac7e1eb3e0e17e0c6a0f207f594efe53627eea7e6e03b44d67ecac6af93e67d67e08f34d70cd4618a6ed0ebfb341d9d6
  languageName: node
  linkType: hard

"@skeldjs/reactor@npm:^2.10.11":
  version: 2.10.11
  resolution: "@skeldjs/reactor@npm:2.10.11"
  dependencies:
    "@skeldjs/client": 2.10.11
    "@skeldjs/constant": 2.10.11
    "@skeldjs/protocol": 2.10.11
    "@skeldjs/util": 2.10.11
  checksum: 8b31b66c481bc961eefd6cfedb33d5f8821428476154625f4fe056a8c55efb0c18716010240a80072ec78019994ac1783d4a16b17a9ec40e5433fed4346c03d4
  languageName: node
  linkType: hard

"@skeldjs/state@npm:2.10.11":
  version: 2.10.11
  resolution: "@skeldjs/state@npm:2.10.11"
  dependencies:
    "@skeldjs/core": 2.10.11
    "@skeldjs/protocol": 2.10.11
    "@skeldjs/util": 2.10.11
  checksum: 49edb31dafc10c54c2db8ce5b0cd97e308649950c30a504aaf103f2a5d51b18b6412ebfe3a6357320a67fdeb6eabc25fda9d133196f2c9adf9b570dc270c837d
  languageName: node
  linkType: hard

"@skeldjs/util@npm:2.10.11, @skeldjs/util@npm:^2.10.11":
  version: 2.10.11
  resolution: "@skeldjs/util@npm:2.10.11"
  checksum: 0eb9d91e19668ce2119a92476a343d74d555ed81df0ee27765ca98c8e76bf6fe304798aa5ce1575341904adf612a9606e82701f44574a4dbe5342584acc99c7e
  languageName: node
  linkType: hard

"@swc/core-android-arm64@npm:^1.2.60":
  version: 1.2.60
  resolution: "@swc/core-android-arm64@npm:1.2.60"
  checksum: 6d49035f91771eaa8a0c371afbddf623a2c59954633b19b9ea4ada87dbf4ff2bc1d63b16a22ce42fcdbbb393e0ecae05d4a302c76084757a4dca53ce8dcd8d43
  languageName: node
  linkType: hard

"@swc/core-darwin-arm64@npm:^1.2.60":
  version: 1.2.60
  resolution: "@swc/core-darwin-arm64@npm:1.2.60"
  checksum: e6b56c5cf8c5e6111981dc515ffd1459c6287925a638384a53ba258329afde7f52730651f57f1faec770db239b164c518f3dec2581811ec5e34875734ef2bfe8
  languageName: node
  linkType: hard

"@swc/core-darwin-x64@npm:^1.2.60":
  version: 1.2.60
  resolution: "@swc/core-darwin-x64@npm:1.2.60"
  checksum: f5bb4766f828ff511314d031b94896ab73a95bfb5b2a9b4dc168a45711cb14e6619aaceb6acb2f27f02cf618ad60fca16376447ad6116adda1c61e9faef3a5f7
  languageName: node
  linkType: hard

"@swc/core-freebsd-x64@npm:^1.2.60":
  version: 1.2.60
  resolution: "@swc/core-freebsd-x64@npm:1.2.60"
  checksum: 27a8e9e91a1a2a35ce5ade464f4c8bd493736be12e5d72b4c98aa08962866eb556b71c99b211d67943778e981174b797f4d5a99dafe2cc5245da9b66e956c640
  languageName: node
  linkType: hard

"@swc/core-linux-arm-gnueabihf@npm:^1.2.60":
  version: 1.2.60
  resolution: "@swc/core-linux-arm-gnueabihf@npm:1.2.60"
  checksum: 875675175c4c4f1238a589f503ea01930122e38754d228f78308ce3fddf3b46b2650575600fce4670f9abc63b2860f5d4a2c634d2baadd21a8a7f3437600e62a
  languageName: node
  linkType: hard

"@swc/core-linux-arm64-gnu@npm:^1.2.60":
  version: 1.2.60
  resolution: "@swc/core-linux-arm64-gnu@npm:1.2.60"
  checksum: 8b71de3caf62d252685b7379ffc870123f3c2e40916fbafcbe16611555a94c6403d3cdf79a09d00e7370a0bd24bf88d2eb34061ed01dd81e2b6f0358feb19bfa
  languageName: node
  linkType: hard

"@swc/core-linux-arm64-musl@npm:^1.2.60":
  version: 1.2.60
  resolution: "@swc/core-linux-arm64-musl@npm:1.2.60"
  checksum: c76fc08f24f02b3bd06ccc28f5f29d38a936ad802458448c562d13995207238e920338d5b928972fd1920df40f9cbb265d661bd38605fc69ab8f5a05731e1254
  languageName: node
  linkType: hard

"@swc/core-linux-x64-gnu@npm:^1.2.60":
  version: 1.2.60
  resolution: "@swc/core-linux-x64-gnu@npm:1.2.60"
  checksum: 58f3573883e69f84596c806d2121309caad6e104c652257c96c297aa6990b3ea791cede1a06bb31933366033bc27607303d8435f2603775704458b66d03a284b
  languageName: node
  linkType: hard

"@swc/core-linux-x64-musl@npm:^1.2.60":
  version: 1.2.60
  resolution: "@swc/core-linux-x64-musl@npm:1.2.60"
  checksum: 3f0c5937cc979b3ef1ebd396794ef3b8b255a7c872a55cc9fc0cd1f8790987344ae0b74749bc66b72c99c26c3533fd7026c1081e66f412c002e1708a5fa9ec94
  languageName: node
  linkType: hard

"@swc/core-win32-arm64-msvc@npm:^1.2.60":
  version: 1.2.60
  resolution: "@swc/core-win32-arm64-msvc@npm:1.2.60"
  checksum: fc505ef31a194a997cb1f6f8ad7707be07e8017dc4984c9cd40bee591b25edd5002124b30b20326fa1bd3aaccca3a655e457709049e2decdf7e9ecad9874107d
  languageName: node
  linkType: hard

"@swc/core-win32-ia32-msvc@npm:^1.2.60":
  version: 1.2.60
  resolution: "@swc/core-win32-ia32-msvc@npm:1.2.60"
  checksum: 3039f2af38b9756fc3db5c815fe40edcefacb60589aa9ebe219a9d7d37342f640805fc43b071b56d7eb513ea1dadc170a1ca22a6b7e95736f3263a679b1991d5
  languageName: node
  linkType: hard

"@swc/core-win32-x64-msvc@npm:^1.2.60":
  version: 1.2.60
  resolution: "@swc/core-win32-x64-msvc@npm:1.2.60"
  checksum: 519f9147f598639e2d8a0e46eb469d34adcba8dfafb9a672cc304f93510fa05a02964a5c349b469babb1d7dbfcbbe7f16d3b2a561a0b4fcb73c8f5ba8b24eaea
  languageName: node
  linkType: hard

"@swc/core@npm:^1.2.60":
  version: 1.2.60
  resolution: "@swc/core@npm:1.2.60"
  dependencies:
    "@node-rs/helper": ^1.0.0
    "@swc/core-android-arm64": ^1.2.60
    "@swc/core-darwin-arm64": ^1.2.60
    "@swc/core-darwin-x64": ^1.2.60
    "@swc/core-freebsd-x64": ^1.2.60
    "@swc/core-linux-arm-gnueabihf": ^1.2.60
    "@swc/core-linux-arm64-gnu": ^1.2.60
    "@swc/core-linux-arm64-musl": ^1.2.60
    "@swc/core-linux-x64-gnu": ^1.2.60
    "@swc/core-linux-x64-musl": ^1.2.60
    "@swc/core-win32-arm64-msvc": ^1.2.60
    "@swc/core-win32-ia32-msvc": ^1.2.60
    "@swc/core-win32-x64-msvc": ^1.2.60
  dependenciesMeta:
    "@swc/core-android-arm64":
      optional: true
    "@swc/core-darwin-arm64":
      optional: true
    "@swc/core-darwin-x64":
      optional: true
    "@swc/core-freebsd-x64":
      optional: true
    "@swc/core-linux-arm-gnueabihf":
      optional: true
    "@swc/core-linux-arm64-gnu":
      optional: true
    "@swc/core-linux-arm64-musl":
      optional: true
    "@swc/core-linux-x64-gnu":
      optional: true
    "@swc/core-linux-x64-musl":
      optional: true
    "@swc/core-win32-arm64-msvc":
      optional: true
    "@swc/core-win32-ia32-msvc":
      optional: true
    "@swc/core-win32-x64-msvc":
      optional: true
  checksum: f0442ddc3806b0603d4232180e187577315ad342fbf434d967f754c94be66850c0067bdfa0f146df33283db689c371ffbec901eaba281648cd30c7c48a5e22f1
  languageName: node
  linkType: hard

"@tsconfig/node10@npm:^1.0.7":
  version: 1.0.8
  resolution: "@tsconfig/node10@npm:1.0.8"
  checksum: b8d5fffbc6b17ef64ef74f7fdbccee02a809a063ade785c3648dae59406bc207f70ea2c4296f92749b33019fa36a5ae716e42e49cc7f1bbf0fd147be0d6b970a
  languageName: node
  linkType: hard

"@tsconfig/node12@npm:^1.0.7":
  version: 1.0.8
  resolution: "@tsconfig/node12@npm:1.0.8"
  checksum: c227ef3ae7c2b2f76861e7371eca8c8e4d9e8ef12f55c3da20b2d17283f6811675529875f49f23f80d4c3e0b94f0643fd17ce8afdd842bdd5aa97d6d0cbc12dd
  languageName: node
  linkType: hard

"@tsconfig/node14@npm:^1.0.0":
  version: 1.0.1
  resolution: "@tsconfig/node14@npm:1.0.1"
  checksum: 976345e896c0f059867f94f8d0f6ddb8b1844fb62bf36b727de8a9a68f024857e5db97ed51d3325e23e0616a5e48c034ff51a8d595b3fe7e955f3587540489be
  languageName: node
  linkType: hard

"@tsconfig/node16@npm:^1.0.1":
  version: 1.0.1
  resolution: "@tsconfig/node16@npm:1.0.1"
  checksum: 5fdfd91e48dc1f406cb59d19fd450a594ea6279f3be54a50bd6fd6b8d189a53bb930f2e7d496cbc3bb45fbb23f0ce5c69086f90c796ce8441cbd2a26fb738fd5
  languageName: node
  linkType: hard

"@types/chalk@npm:^2.2.0":
  version: 2.2.0
  resolution: "@types/chalk@npm:2.2.0"
  dependencies:
    chalk: "*"
  checksum: 846437590d0bf0026d8c2f454e5d91a486becfabde61c0441025e791a0fed75304e143717bc4d025569394dcce5a32f2c53d97253d0c735ac1abae63f1b25c3e
  languageName: node
  linkType: hard

"@types/node@npm:^15.12.2":
  version: 15.12.2
  resolution: "@types/node@npm:15.12.2"
  checksum: 0dff080f306e4d5cd968bd43315238a227b1f54f4bb59fa9cee976535678f00755834c0288315029ae12f78b3db43efb5bfb700cf8aae882f184eb700229f974
  languageName: node
  linkType: hard

"ansi-styles@npm:^4.1.0":
  version: 4.3.0
  resolution: "ansi-styles@npm:4.3.0"
  dependencies:
    color-convert: ^2.0.1
  checksum: 513b44c3b2105dd14cc42a19271e80f386466c4be574bccf60b627432f9198571ebf4ab1e4c3ba17347658f4ee1711c163d574248c0c1cdc2d5917a0ad582ec4
  languageName: node
  linkType: hard

"arg@npm:^4.1.0":
  version: 4.1.3
  resolution: "arg@npm:4.1.3"
  checksum: 544af8dd3f60546d3e4aff084d451b96961d2267d668670199692f8d054f0415d86fc5497d0e641e91546f0aa920e7c29e5250e99fc89f5552a34b5d93b77f43
  languageName: node
  linkType: hard

"async@npm:^3.1.0":
  version: 3.2.0
  resolution: "async@npm:3.2.0"
  checksum: 6739fae769e6c9f76b272558f118ef041d45c979c573a8fe93f8cfbc32eb9c92da032e9effe6bbcc9b1131292cde6c4a9e61a442894aa06a262addd8dd3adda1
  languageName: node
  linkType: hard

"buffer-from@npm:^1.0.0":
  version: 1.1.1
  resolution: "buffer-from@npm:1.1.1"
  checksum: ccc53b69736008bff764497367c4d24879ba7122bc619ee499ff47eef3a5b885ca496e87272e7ebffa0bec3804c83f84041c616f6e3318f40624e27c1d80f045
  languageName: node
  linkType: hard

"chalk@npm:*, chalk@npm:^4.1.1":
  version: 4.1.1
  resolution: "chalk@npm:4.1.1"
  dependencies:
    ansi-styles: ^4.1.0
    supports-color: ^7.1.0
  checksum: 036e973e665ba1a32c975e291d5f3d549bceeb7b1b983320d4598fb75d70fe20c5db5d62971ec0fe76cdbce83985a00ee42372416abfc3a5584465005a7855ed
  languageName: node
  linkType: hard

"color-convert@npm:^1.9.1":
  version: 1.9.3
  resolution: "color-convert@npm:1.9.3"
  dependencies:
    color-name: 1.1.3
  checksum: fd7a64a17cde98fb923b1dd05c5f2e6f7aefda1b60d67e8d449f9328b4e53b228a428fd38bfeaeb2db2ff6b6503a776a996150b80cdf224062af08a5c8a3a203
  languageName: node
  linkType: hard

"color-convert@npm:^2.0.1":
  version: 2.0.1
  resolution: "color-convert@npm:2.0.1"
  dependencies:
    color-name: ~1.1.4
  checksum: 79e6bdb9fd479a205c71d89574fccfb22bd9053bd98c6c4d870d65c132e5e904e6034978e55b43d69fcaa7433af2016ee203ce76eeba9cfa554b373e7f7db336
  languageName: node
  linkType: hard

"color-name@npm:1.1.3":
  version: 1.1.3
  resolution: "color-name@npm:1.1.3"
  checksum: 09c5d3e33d2105850153b14466501f2bfb30324a2f76568a408763a3b7433b0e50e5b4ab1947868e65cb101bb7cb75029553f2c333b6d4b8138a73fcc133d69d
  languageName: node
  linkType: hard

"color-name@npm:^1.0.0, color-name@npm:~1.1.4":
  version: 1.1.4
  resolution: "color-name@npm:1.1.4"
  checksum: b0445859521eb4021cd0fb0cc1a75cecf67fceecae89b63f62b201cca8d345baf8b952c966862a9d9a2632987d4f6581f0ec8d957dfacece86f0a7919316f610
  languageName: node
  linkType: hard

"color-string@npm:^1.5.2":
  version: 1.5.5
  resolution: "color-string@npm:1.5.5"
  dependencies:
    color-name: ^1.0.0
    simple-swizzle: ^0.2.2
  checksum: 4f19c2042c8953973a3c71a53e53da9fa54194cc1e0270bdbe431b14476b3faed054eb1c960910a8c2b631e7c67daccf79f8579eaa2d16dc99c3739c66f98ab1
  languageName: node
  linkType: hard

"color@npm:3.0.x":
  version: 3.0.0
  resolution: "color@npm:3.0.0"
  dependencies:
    color-convert: ^1.9.1
    color-string: ^1.5.2
  checksum: 273fe5d4c2a322dbc0e184ef6c891cbefefa11af7c6a8ed6001ff6986af747038cf3258bd4f4b715415f287c556efc8d1f0368bc02240877610ae1d427887537
  languageName: node
  linkType: hard

"colors@npm:^1.2.1":
  version: 1.4.0
  resolution: "colors@npm:1.4.0"
  checksum: 98aa2c2418ad87dedf25d781be69dc5fc5908e279d9d30c34d8b702e586a0474605b3a189511482b9d5ed0d20c867515d22749537f7bc546256c6014f3ebdcec
  languageName: node
  linkType: hard

"colorspace@npm:1.1.x":
  version: 1.1.2
  resolution: "colorspace@npm:1.1.2"
  dependencies:
    color: 3.0.x
    text-hex: 1.0.x
  checksum: a959ec1669176aa72185067b7d04dae1cef2698456e1a452a035ce8adcac95673fbb1547e3240903355bcbaa67e031cca0b8b4f7d42c256b3dd94dcead8e1405
  languageName: node
  linkType: hard

"core-util-is@npm:~1.0.0":
  version: 1.0.2
  resolution: "core-util-is@npm:1.0.2"
  checksum: 7a4c925b497a2c91421e25bf76d6d8190f0b2359a9200dbeed136e63b2931d6294d3b1893eda378883ed363cd950f44a12a401384c609839ea616befb7927dab
  languageName: node
  linkType: hard

"create-require@npm:^1.1.0":
  version: 1.1.1
  resolution: "create-require@npm:1.1.1"
  checksum: a9a1503d4390d8b59ad86f4607de7870b39cad43d929813599a23714831e81c520bddf61bcdd1f8e30f05fd3a2b71ae8538e946eb2786dc65c2bbc520f692eff
  languageName: node
  linkType: hard

"diff@npm:^4.0.1":
  version: 4.0.2
  resolution: "diff@npm:4.0.2"
  checksum: f2c09b0ce4e6b301c221addd83bf3f454c0bc00caa3dd837cf6c127d6edf7223aa2bbe3b688feea110b7f262adbfc845b757c44c8a9f8c0c5b15d8fa9ce9d20d
  languageName: node
  linkType: hard

"enabled@npm:2.0.x":
  version: 2.0.0
  resolution: "enabled@npm:2.0.0"
  checksum: 9d256d89f4e8a46ff988c6a79b22fa814b4ffd82826c4fdacd9b42e9b9465709d3b748866d0ab4d442dfc6002d81de7f7b384146ccd1681f6a7f868d2acca063
  languageName: node
  linkType: hard

"fast-safe-stringify@npm:^2.0.4":
  version: 2.0.7
  resolution: "fast-safe-stringify@npm:2.0.7"
  checksum: e0055e231d1fe0f97863dcfb45f5f285d59e3d23210e1e8a31348829e4a584e04ffe49f5944a0ba2f21d753b67b0ecb6f0ffc49ecd8c7f6f531cbcd45a5f606b
  languageName: node
  linkType: hard

"fecha@npm:^4.2.0":
  version: 4.2.1
  resolution: "fecha@npm:4.2.1"
  checksum: 26993474949d94cd2de5eee7dfe283d671d5cd61acdba8819df478cbc86495273363f4a7e98d15ee51563110a38328d268982a6e9048169bce8f15aeba5931f9
  languageName: node
  linkType: hard

"fn.name@npm:1.x.x":
  version: 1.1.0
  resolution: "fn.name@npm:1.1.0"
  checksum: e357144f48cfc9a7f52a82bbc6c23df7c8de639fce049cac41d41d62cabb740cdb9f14eddc6485e29c933104455bdd7a69bb14a9012cef9cd4fa252a4d0cf293
  languageName: node
  linkType: hard

"has-flag@npm:^4.0.0":
  version: 4.0.0
  resolution: "has-flag@npm:4.0.0"
  checksum: 261a1357037ead75e338156b1f9452c016a37dcd3283a972a30d9e4a87441ba372c8b81f818cd0fbcd9c0354b4ae7e18b9e1afa1971164aef6d18c2b6095a8ad
  languageName: node
  linkType: hard

"inherits@npm:^2.0.3, inherits@npm:~2.0.3":
  version: 2.0.4
  resolution: "inherits@npm:2.0.4"
  checksum: 4a48a733847879d6cf6691860a6b1e3f0f4754176e4d71494c41f3475553768b10f84b5ce1d40fbd0e34e6bfbb864ee35858ad4dd2cf31e02fc4a154b724d7f1
  languageName: node
  linkType: hard

"is-arrayish@npm:^0.3.1":
  version: 0.3.2
  resolution: "is-arrayish@npm:0.3.2"
  checksum: 977e64f54d91c8f169b59afcd80ff19227e9f5c791fa28fa2e5bce355cbaf6c2c356711b734656e80c9dd4a854dd7efcf7894402f1031dfc5de5d620775b4d5f
  languageName: node
  linkType: hard

"is-stream@npm:^2.0.0":
  version: 2.0.0
  resolution: "is-stream@npm:2.0.0"
  checksum: 4dc47738e26bc4f1b3be9070b6b9e39631144f204fc6f87db56961220add87c10a999ba26cf81699f9ef9610426f69cb08a4713feff8deb7d8cadac907826935
  languageName: node
  linkType: hard

"isarray@npm:~1.0.0":
  version: 1.0.0
  resolution: "isarray@npm:1.0.0"
  checksum: f032df8e02dce8ec565cf2eb605ea939bdccea528dbcf565cdf92bfa2da9110461159d86a537388ef1acef8815a330642d7885b29010e8f7eac967c9993b65ab
  languageName: node
  linkType: hard

"kuler@npm:^2.0.0":
  version: 2.0.0
  resolution: "kuler@npm:2.0.0"
  checksum: 9e10b5a1659f9ed8761d38df3c35effabffbd19fc6107324095238e4ef0ff044392cae9ac64a1c2dda26e532426485342226b93806bd97504b174b0dcf04ed81
  languageName: node
  linkType: hard

"logform@npm:^2.2.0":
  version: 2.2.0
  resolution: "logform@npm:2.2.0"
  dependencies:
    colors: ^1.2.1
    fast-safe-stringify: ^2.0.4
    fecha: ^4.2.0
    ms: ^2.1.1
    triple-beam: ^1.3.0
  checksum: 07319bfd50dacf69a4a3bc81cd6f5fab2f52d247ba5d2d2df99141f6b62f787f7fbb0353046650da90329d4030f265632d5f995706612ed9cb2c70281866007e
  languageName: node
  linkType: hard

"make-error@npm:^1.1.1":
  version: 1.3.6
  resolution: "make-error@npm:1.3.6"
  checksum: b86e5e0e25f7f777b77fabd8e2cbf15737972869d852a22b7e73c17623928fccb826d8e46b9951501d3f20e51ad74ba8c59ed584f610526a48f8ccf88aaec402
  languageName: node
  linkType: hard

"ms@npm:^2.1.1":
  version: 2.1.3
  resolution: "ms@npm:2.1.3"
  checksum: aa92de608021b242401676e35cfa5aa42dd70cbdc082b916da7fb925c542173e36bce97ea3e804923fe92c0ad991434e4a38327e15a1b5b5f945d66df615ae6d
  languageName: node
  linkType: hard

"one-time@npm:^1.0.0":
  version: 1.0.0
  resolution: "one-time@npm:1.0.0"
  dependencies:
    fn.name: 1.x.x
  checksum: fd008d7e992bdec1c67f53a2f9b46381ee12a9b8c309f88b21f0223546003fb47e8ad7c1fd5843751920a8d276c63bd4b45670ef80c61fb3e07dbccc962b5c7d
  languageName: node
  linkType: hard

"process-nextick-args@npm:~2.0.0":
  version: 2.0.1
  resolution: "process-nextick-args@npm:2.0.1"
  checksum: 1d38588e520dab7cea67cbbe2efdd86a10cc7a074c09657635e34f035277b59fbb57d09d8638346bf7090f8e8ebc070c96fa5fd183b777fff4f5edff5e9466cf
  languageName: node
  linkType: hard

"readable-stream@npm:^2.3.7":
  version: 2.3.7
  resolution: "readable-stream@npm:2.3.7"
  dependencies:
    core-util-is: ~1.0.0
    inherits: ~2.0.3
    isarray: ~1.0.0
    process-nextick-args: ~2.0.0
    safe-buffer: ~5.1.1
    string_decoder: ~1.1.1
    util-deprecate: ~1.0.1
  checksum: e4920cf7549a60f8aaf694d483a0e61b2a878b969d224f89b3bc788b8d920075132c4b55a7494ee944c7b6a9a0eada28a7f6220d80b0312ece70bbf08eeca755
  languageName: node
  linkType: hard

"readable-stream@npm:^3.4.0":
  version: 3.6.0
  resolution: "readable-stream@npm:3.6.0"
  dependencies:
    inherits: ^2.0.3
    string_decoder: ^1.1.1
    util-deprecate: ^1.0.1
  checksum: d4ea81502d3799439bb955a3a5d1d808592cf3133350ed352aeaa499647858b27b1c4013984900238b0873ec8d0d8defce72469fb7a83e61d53f5ad61cb80dc8
  languageName: node
  linkType: hard

"safe-buffer@npm:~5.1.0, safe-buffer@npm:~5.1.1":
  version: 5.1.2
  resolution: "safe-buffer@npm:5.1.2"
  checksum: f2f1f7943ca44a594893a852894055cf619c1fbcb611237fc39e461ae751187e7baf4dc391a72125e0ac4fb2d8c5c0b3c71529622e6a58f46b960211e704903c
  languageName: node
  linkType: hard

"safe-buffer@npm:~5.2.0":
  version: 5.2.1
  resolution: "safe-buffer@npm:5.2.1"
  checksum: b99c4b41fdd67a6aaf280fcd05e9ffb0813654894223afb78a31f14a19ad220bba8aba1cb14eddce1fcfb037155fe6de4e861784eb434f7d11ed58d1e70dd491
  languageName: node
  linkType: hard

"simple-swizzle@npm:^0.2.2":
  version: 0.2.2
  resolution: "simple-swizzle@npm:0.2.2"
  dependencies:
    is-arrayish: ^0.3.1
  checksum: a7f3f2ab5c76c4472d5c578df892e857323e452d9f392e1b5cf74b74db66e6294a1e1b8b390b519fa1b96b5b613f2a37db6cffef52c3f1f8f3c5ea64eb2d54c0
  languageName: node
  linkType: hard

"source-map-support@npm:^0.5.17":
  version: 0.5.19
  resolution: "source-map-support@npm:0.5.19"
  dependencies:
    buffer-from: ^1.0.0
    source-map: ^0.6.0
  checksum: c72802fdba9cb62b92baef18cc14cc4047608b77f0353e6c36dd993444149a466a2845332c5540d4a6630957254f0f68f4ef5a0120c33d2e83974c51a05afbac
  languageName: node
  linkType: hard

"source-map@npm:^0.6.0":
  version: 0.6.1
  resolution: "source-map@npm:0.6.1"
  checksum: 59ce8640cf3f3124f64ac289012c2b8bd377c238e316fb323ea22fbfe83da07d81e000071d7242cad7a23cd91c7de98e4df8830ec3f133cb6133a5f6e9f67bc2
  languageName: node
  linkType: hard

"stack-trace@npm:0.0.x":
  version: 0.0.10
  resolution: "stack-trace@npm:0.0.10"
  checksum: 473036ad32f8c00e889613153d6454f9be0536d430eb2358ca51cad6b95cea08a3cc33cc0e34de66b0dad221582b08ed2e61ef8e13f4087ab690f388362d6610
  languageName: node
  linkType: hard

"string_decoder@npm:^1.1.1":
  version: 1.3.0
  resolution: "string_decoder@npm:1.3.0"
  dependencies:
    safe-buffer: ~5.2.0
  checksum: 8417646695a66e73aefc4420eb3b84cc9ffd89572861fe004e6aeb13c7bc00e2f616247505d2dbbef24247c372f70268f594af7126f43548565c68c117bdeb56
  languageName: node
  linkType: hard

"string_decoder@npm:~1.1.1":
  version: 1.1.1
  resolution: "string_decoder@npm:1.1.1"
  dependencies:
    safe-buffer: ~5.1.0
  checksum: 9ab7e56f9d60a28f2be697419917c50cac19f3e8e6c28ef26ed5f4852289fe0de5d6997d29becf59028556f2c62983790c1d9ba1e2a3cc401768ca12d5183a5b
  languageName: node
  linkType: hard

"supports-color@npm:^7.1.0":
  version: 7.2.0
  resolution: "supports-color@npm:7.2.0"
  dependencies:
    has-flag: ^4.0.0
  checksum: 3dda818de06ebbe5b9653e07842d9479f3555ebc77e9a0280caf5a14fb877ffee9ed57007c3b78f5a6324b8dbeec648d9e97a24e2ed9fdb81ddc69ea07100f4a
  languageName: node
  linkType: hard

"text-hex@npm:1.0.x":
  version: 1.0.0
  resolution: "text-hex@npm:1.0.0"
  checksum: 1138f68adc97bf4381a302a24e2352f04992b7b1316c5003767e9b0d3367ffd0dc73d65001ea02b07cd0ecc2a9d186de0cf02f3c2d880b8a522d4ccb9342244a
  languageName: node
  linkType: hard

"triple-beam@npm:^1.2.0, triple-beam@npm:^1.3.0":
  version: 1.3.0
  resolution: "triple-beam@npm:1.3.0"
  checksum: 7d7b77d8625fb252c126c24984a68de462b538a8fcd1de2abd0a26421629cf3527d48e23b3c2264f08f4a6c3bc40a478a722176f4d7b6a1acc154cb70c359f2b
  languageName: node
  linkType: hard

"ts-node@npm:^10.0.0":
  version: 10.0.0
  resolution: "ts-node@npm:10.0.0"
  dependencies:
    "@tsconfig/node10": ^1.0.7
    "@tsconfig/node12": ^1.0.7
    "@tsconfig/node14": ^1.0.0
    "@tsconfig/node16": ^1.0.1
    arg: ^4.1.0
    create-require: ^1.1.0
    diff: ^4.0.1
    make-error: ^1.1.1
    source-map-support: ^0.5.17
    yn: 3.1.1
  peerDependencies:
    "@swc/core": ">=1.2.45"
    "@swc/wasm": ">=1.2.45"
    "@types/node": "*"
    typescript: ">=2.7"
  peerDependenciesMeta:
    "@swc/core":
      optional: true
    "@swc/wasm":
      optional: true
  bin:
    ts-node: dist/bin.js
    ts-node-cwd: dist/bin-cwd.js
    ts-node-script: dist/bin-script.js
    ts-node-transpile-only: dist/bin-transpile.js
    ts-script: dist/bin-script-deprecated.js
  checksum: 96d633774e13eb90ad49d644f397e99f5da72818e36040bf5b6bd66d0ab369dbb4348e499193c0fa45071f8e9559bb7724174139389e56bb562db36a3842484e
  languageName: node
  linkType: hard

"tslib@npm:^2.2.0":
  version: 2.2.0
  resolution: "tslib@npm:2.2.0"
  checksum: a48c9639f7496fa701ea8ffe0561070fcb44c104a59632f7f845c0af00825c99b6373575ec59b2b5cdbfd7505875086dbe5dc83312304d8979f22ce571218ca3
  languageName: node
  linkType: hard

typescript@^4.3.2:
  version: 4.3.2
  resolution: "typescript@npm:4.3.2"
  bin:
    tsc: bin/tsc
    tsserver: bin/tsserver
  checksum: c2a86fa03ce03b255adc13ccd70a55173ca6539ae12114feca59f34a4e9bb69f14fb7cd5adc6c2416e568cff05c870b89d1366768ec55fce04fbdffb429a1cee
  languageName: node
  linkType: hard

"typescript@patch:typescript@^4.3.2#~builtin<compat/typescript>":
  version: 4.3.2
  resolution: "typescript@patch:typescript@npm%3A4.3.2#~builtin<compat/typescript>::version=4.3.2&hash=34ad7d"
  bin:
    tsc: bin/tsc
    tsserver: bin/tsserver
  checksum: c71285d8bc17e0108ae1489a7e906ea606e951d7afc5d141c8889bbdc1c7548c0833b82716b1dd2099321c20b48604309c96c8454831cbcc939966190226d9a2
  languageName: node
  linkType: hard

"util-deprecate@npm:^1.0.1, util-deprecate@npm:~1.0.1":
  version: 1.0.2
  resolution: "util-deprecate@npm:1.0.2"
  checksum: 474acf1146cb2701fe3b074892217553dfcf9a031280919ba1b8d651a068c9b15d863b7303cb15bd00a862b498e6cf4ad7b4a08fb134edd5a6f7641681cb54a2
  languageName: node
  linkType: hard

"winston-transport@npm:^4.4.0":
  version: 4.4.0
  resolution: "winston-transport@npm:4.4.0"
  dependencies:
    readable-stream: ^2.3.7
    triple-beam: ^1.2.0
  checksum: 953d78d152b355962d97697c3ccdc26fda6be017a0e1e555729e218d1269aa32a60e9ff16eb7a72c6403f733e88bab664b259feae3857667b54ff8e2f149fa52
  languageName: node
  linkType: hard

"winston@npm:^3.3.3":
  version: 3.3.3
  resolution: "winston@npm:3.3.3"
  dependencies:
    "@dabh/diagnostics": ^2.0.2
    async: ^3.1.0
    is-stream: ^2.0.0
    logform: ^2.2.0
    one-time: ^1.0.0
    readable-stream: ^3.4.0
    stack-trace: 0.0.x
    triple-beam: ^1.3.0
    winston-transport: ^4.4.0
  checksum: 89a0a8db4e577d0df2bee8af67a751663fb80aaa782750b5a0a151a6bf97074dd0eb7c81780e196197735b851c12ea9c176952128fc51fae07a8a5ddba82913a
  languageName: node
  linkType: hard

"yn@npm:3.1.1":
  version: 3.1.1
  resolution: "yn@npm:3.1.1"
  checksum: 2c487b0e149e746ef48cda9f8bad10fc83693cd69d7f9dcd8be4214e985de33a29c9e24f3c0d6bcf2288427040a8947406ab27f7af67ee9456e6b84854f02dd6
  languageName: node
  linkType: hard
